github.com/ncruces/wasm2go v0.4.12 h1:gpFuII4fDM7yKdXp3zBhOkKAbumCw6AIV02MPoc+ROA=
github.com/ncruces/wasm2go v0.4.12/go.mod h1:soIw4LZPa63iIJImuB3vdkhzpetGFyhdIcFeN7mrJw0=
golang.org/x/tools v0.49.0 h1:3NI7VXzL9+1WZD52Dx2ttoPwD5DWrFGpl9mFZDlmisI=
golang.org/x/tools v0.49.0/go.mod h1:SJNXV9DBKT0UbdttsQjbfJlAE/q+y36++zo3uL3N0Oo=
